
Microsoft Visual Studio Solution File, Format Version 12.00
# Visual Studio Version 17
VisualStudioVersion = 17.7.34024.191
MinimumVisualStudioVersion = 10.0.40219.1
Project("{FAE04EC0-301F-11D3-BF4B-00C04F79EFBC}") = "Verificacion de cantidad de digitos numericos", "Verificacion de cantidad de digitos numericos\Verificacion de cantidad de digitos numericos.csproj", "{70105C0C-F52B-48CB-9BDA-E0FF22E2C4D9}"
EndProject
Global
	GlobalSection(SolutionConfigurationPlatforms) = preSolution
		Debug|Any CPU = Debug|Any CPU
		Release|Any CPU = Release|Any CPU
	EndGlobalSection
	GlobalSection(ProjectConfigurationPlatforms) = postSolution
		{70105C0C-F52B-48CB-9BDA-E0FF22E2C4D9}.Debug|Any CPU.ActiveCfg = Debug|Any CPU
		{70105C0C-F52B-48CB-9BDA-E0FF22E2C4D9}.Debug|Any CPU.Build.0 = Debug|Any CPU
		{70105C0C-F52B-48CB-9BDA-E0FF22E2C4D9}.Release|Any CPU.ActiveCfg = Release|Any CPU
		{70105C0C-F52B-48CB-9BDA-E0FF22E2C4D9}.Release|Any CPU.Build.0 = Release|Any CPU
	EndGlobalSection
	GlobalSection(SolutionProperties) = preSolution
		HideSolutionNode = FALSE
	EndGlobalSection
	GlobalSection(ExtensibilityGlobals) = postSolution
		SolutionGuid = {E8941BA8-A1A1-4CFE-A04A-91C7998ACEFD}
	EndGlobalSection
EndGlobal
